{
  "name": "temp",
  "version": "1.0.0",
  "lockfileVersion": 1,
  "requires": true,
  "dependencies": {
    "@peculiar/asn1-schema": {
      "version": "1.0.3",
      "resolved": "https://registry.npmjs.org/@peculiar/asn1-schema/-/asn1-schema-1.0.3.tgz",
      "integrity": "sha512-Tfgj9eNJ6cTKEtEuidKenLHMx/Q5M8KEE9hnohHqvdpqHJXWYr5RlT3GjAHPjGXy5+mr7sSfuXfzE6aAkEGN7A==",
      "requires": {
        "asn1js": "^2.0.22",
        "tslib": "^1.9.3"
      }
    },
    "@peculiar/json-schema": {
      "version": "1.1.6",
      "resolved": "https://registry.npmjs.org/@peculiar/json-schema/-/json-schema-1.1.6.tgz",
      "integrity": "sha512-A8DM0ueA+LUqD/HuNPHDd8yMkhbRmnV0iosxyB/uOV1cfiKlCKXDeqkzHTOZpveRI05iCjZxqkPZ2+Nnw1wB4A==",
      "requires": {
        "tslib": "^1.10.0"
      }
    },
    "@peculiar/webcrypto": {
      "version": "1.0.21",
      "resolved": "https://registry.npmjs.org/@peculiar/webcrypto/-/webcrypto-1.0.21.tgz",
      "integrity": "sha512-dMQe+vTKSKDpiizQj5q7lFqU56zBgavrjcST4d8RMxEbmgoUOuAUOXlkI5DoqVy3ktcfAhk6CRV4YkaSUEXdAg==",
      "requires": {
        "@peculiar/asn1-schema": "^1.0.3",
        "@peculiar/json-schema": "^1.1.5",
        "asn1js": "^2.0.26",
        "pvtsutils": "^1.0.6",
        "tslib": "^1.10.0",
        "webcrypto-core": "^1.0.14"
      }
    },
    "@types/node": {
      "version": "10.17.6",
      "resolved": "https://registry.npmjs.org/@types/node/-/node-10.17.6.tgz",
      "integrity": "sha512-0a2X6cgN3RdPBL2MIlR6Lt0KlM7fOFsutuXcdglcOq6WvLnYXgPQSh0Mx6tO1KCAE8MxbHSOSTWDoUxRq+l3DA=="
    },
    "asn1js": {
      "version": "2.0.26",
      "resolved": "https://registry.npmjs.org/asn1js/-/asn1js-2.0.26.tgz",
      "integrity": "sha512-yG89F0j9B4B0MKIcFyWWxnpZPLaNTjCj4tkE3fjbAoo0qmpGw0PYYqSbX/4ebnd9Icn8ZgK4K1fvDyEtW1JYtQ==",
      "requires": {
        "pvutils": "^1.0.17"
      },
      "dependencies": {
        "pvutils": {
          "version": "1.0.17",
          "resolved": "https://registry.npmjs.org/pvutils/-/pvutils-1.0.17.tgz",
          "integrity": "sha512-wLHYUQxWaXVQvKnwIDWFVKDJku9XDCvyhhxoq8dc5MFdIlRenyPI9eSfEtcvgHgD7FlvCyGAlWgOzRnZD99GZQ=="
        }
      }
    },
    "atob": {
      "version": "2.1.2",
      "resolved": "https://registry.npmjs.org/atob/-/atob-2.1.2.tgz",
      "integrity": "sha512-Wm6ukoaOGJi/73p/cl2GvLjTI5JM1k/O14isD73YML8StrH/7/lRFgmg8nICZgD3bZZvjwCGxtMOD3wWNAu8cg=="
    },
    "bytestreamjs": {
      "version": "1.0.29",
      "resolved": "https://registry.npmjs.org/bytestreamjs/-/bytestreamjs-1.0.29.tgz",
      "integrity": "sha512-Mri3yqoo9YvdaSvD5OYl4Rdu9zCBJInW/Ez31sdlNY4ikMy//EvTTmidfLcs0e+NBvKVEpPzYvJAesjgMdjnZg=="
    },
    "crypto": {
      "version": "1.0.1",
      "resolved": "https://registry.npmjs.org/crypto/-/crypto-1.0.1.tgz",
      "integrity": "sha512-VxBKmeNcqQdiUQUW2Tzq0t377b54N2bMtXO/qiLa+6eRRmmC4qT3D4OnTGoT/U6O9aklQ/jTwbOtRMTTY8G0Ig=="
    },
    "emailjs-addressparser": {
      "version": "2.0.2",
      "resolved": "https://registry.npmjs.org/emailjs-addressparser/-/emailjs-addressparser-2.0.2.tgz",
      "integrity": "sha512-E6ztFf1ePtZEwqfN3aWsvZNcpBeDqgJbVL4D32dckHkcwdhJ1bhlE4MLvHBf/IoXQmJBgkKlwGP5/5l11EE5OQ=="
    },
    "emailjs-base64": {
      "version": "1.1.4",
      "resolved": "https://registry.npmjs.org/emailjs-base64/-/emailjs-base64-1.1.4.tgz",
      "integrity": "sha512-4h0xp1jgVTnIQBHxSJWXWanNnmuc5o+k4aHEpcLXSToN8asjB5qbXAexs7+PEsUKcEyBteNYsSvXUndYT2CGGA=="
    },
    "emailjs-mime-codec": {
      "version": "2.0.9",
      "resolved": "https://registry.npmjs.org/emailjs-mime-codec/-/emailjs-mime-codec-2.0.9.tgz",
      "integrity": "sha512-7qJo4pFGcKlWh/kCeNjmcgj34YoJWY0ekZXEHYtluWg4MVBnXqGM4CRMtZQkfYwitOhUgaKN5EQktJddi/YIDQ==",
      "requires": {
        "emailjs-base64": "^1.1.4",
        "ramda": "^0.26.1",
        "text-encoding": "^0.7.0"
      }
    },
    "emailjs-mime-parser": {
      "version": "2.0.7",
      "resolved": "https://registry.npmjs.org/emailjs-mime-parser/-/emailjs-mime-parser-2.0.7.tgz",
      "integrity": "sha512-rOrRtAzq0OVLrxbTkRLyrtoY/YQldPgIzAk6lcD3LfXR0Gw3+PzsN2rO1QENY+cIQD94vYr2t2Ri0Zxlc9aeew==",
      "requires": {
        "emailjs-addressparser": "^2.0.1",
        "emailjs-mime-codec": "^2.0.8",
        "ramda": "^0.26.1"
      }
    },
    "fs": {
      "version": "0.0.1-security",
      "resolved": "https://registry.npmjs.org/fs/-/fs-0.0.1-security.tgz",
      "integrity": "sha1-invTcYa23d84E/I4WLV+yq9eQdQ="
    },
    "pkijs": {
      "version": "2.1.82",
      "resolved": "https://registry.npmjs.org/pkijs/-/pkijs-2.1.82.tgz",
      "integrity": "sha512-uwVYSRmQvyq7ulanWRVZ+IxgsCiBuczPDMpUaF63lJRurVUwmDHlVPDi7vywglk1KZ71Wk8ODZmUAEQgUDNQaA==",
      "requires": {
        "asn1js": "^2.0.26",
        "bytestreamjs": "^1.0.29",
        "pvutils": "^1.0.17"
      },
      "dependencies": {
        "asn1js": {
          "version": "2.0.26",
          "resolved": "https://registry.npmjs.org/asn1js/-/asn1js-2.0.26.tgz",
          "integrity": "sha512-yG89F0j9B4B0MKIcFyWWxnpZPLaNTjCj4tkE3fjbAoo0qmpGw0PYYqSbX/4ebnd9Icn8ZgK4K1fvDyEtW1JYtQ==",
          "requires": {
            "pvutils": "^1.0.17"
          }
        },
        "pvutils": {
          "version": "1.0.17",
          "resolved": "https://registry.npmjs.org/pvutils/-/pvutils-1.0.17.tgz",
          "integrity": "sha512-wLHYUQxWaXVQvKnwIDWFVKDJku9XDCvyhhxoq8dc5MFdIlRenyPI9eSfEtcvgHgD7FlvCyGAlWgOzRnZD99GZQ=="
        }
      }
    },
    "pvtsutils": {
      "version": "1.0.6",
      "resolved": "https://registry.npmjs.org/pvtsutils/-/pvtsutils-1.0.6.tgz",
      "integrity": "sha512-0yNrOdJyLE7FZzmeEHTKanwBr5XbmDAd020cKa4ZiTYuGMBYBZmq7vHOhcOqhVllh6gghDBbaz1lnVdOqiB7cw==",
      "requires": {
        "@types/node": "^10.14.17",
        "tslib": "^1.10.0"
      }
    },
    "pvutils": {
      "version": "1.0.17",
      "resolved": "https://registry.npmjs.org/pvutils/-/pvutils-1.0.17.tgz",
      "integrity": "sha512-wLHYUQxWaXVQvKnwIDWFVKDJku9XDCvyhhxoq8dc5MFdIlRenyPI9eSfEtcvgHgD7FlvCyGAlWgOzRnZD99GZQ=="
    },
    "ramda": {
      "version": "0.26.1",
      "resolved": "https://registry.npmjs.org/ramda/-/ramda-0.26.1.tgz",
      "integrity": "sha512-hLWjpy7EnsDBb0p+Z3B7rPi3GDeRG5ZtiI33kJhTt+ORCd38AbAIjB/9zRIUoeTbE/AVX5ZkU7m6bznsvrf8eQ=="
    },
    "text-encoding": {
      "version": "0.7.0",
      "resolved": "https://registry.npmjs.org/text-encoding/-/text-encoding-0.7.0.tgz",
      "integrity": "sha512-oJQ3f1hrOnbRLOcwKz0Liq2IcrvDeZRHXhd9RgLrsT+DjWY/nty1Hi7v3dtkaEYbPYe0mUoOfzRrMwfXXwgPUA=="
    },
    "tslib": {
      "version": "1.10.0",
      "resolved": "https://registry.npmjs.org/tslib/-/tslib-1.10.0.tgz",
      "integrity": "sha512-qOebF53frne81cf0S9B41ByenJ3/IuH8yJKngAX35CmiZySA0khhkovshKK+jGCaMnVomla7gVlIcc3EvKPbTQ=="
    },
    "webcrypto-core": {
      "version": "1.0.15",
      "resolved": "https://registry.npmjs.org/webcrypto-core/-/webcrypto-core-1.0.15.tgz",
      "integrity": "sha512-PA4VeKekgPxlmp18Opd4hrdOvtjsJCHyKpNfCyjLWEFIh/7M37QCFgCssx/MVBuNHBkzs9Q7W8Rm4BFgCKheUQ==",
      "requires": {
        "pvtsutils": "^1.0.6",
        "tslib": "^1.10.0"
      }
    }
  }
}
